// !$*UTF8*$!
{
	archiveVersion = 1;
	classes = {
	};
	objectVersion = 56;
	objects = {

/* Begin PBXBuildFile section */
		D10256B82B5887E400300EED /* AppDelegate.swift in Sources */ = {isa = PBXBuildFile; fileRef = D10256B72B5887E400300EED /* AppDelegate.swift */; };
		D10256BA2B5887E400300EED /* SceneDelegate.swift in Sources */ = {isa = PBXBuildFile; fileRef = D10256B92B5887E400300EED /* SceneDelegate.swift */; };
		D10256BC2B5887E400300EED /* UserSearchViewController.swift in Sources */ = {isa = PBXBuildFile; fileRef = D10256BB2B5887E400300EED /* UserSearchViewController.swift */; };
		D10256BF2B5887E400300EED /* Main.storyboard in Resources */ = {isa = PBXBuildFile; fileRef = D10256BD2B5887E400300EED /* Main.storyboard */; };
		D10256C22B5887E400300EED /* GitHubUsers.xcdatamodeld in Sources */ = {isa = PBXBuildFile; fileRef = D10256C02B5887E400300EED /* GitHubUsers.xcdatamodeld */; };
		D10256C42B5887E400300EED /* Assets.xcassets in Resources */ = {isa = PBXBuildFile; fileRef = D10256C32B5887E400300EED /* Assets.xcassets */; };
		D10256C72B5887E400300EED /* LaunchScreen.storyboard in Resources */ = {isa = PBXBuildFile; fileRef = D10256C52B5887E400300EED /* LaunchScreen.storyboard */; };
		D10256D22B5887E400300EED /* GitHubUsersTests.swift in Sources */ = {isa = PBXBuildFile; fileRef = D10256D12B5887E400300EED /* GitHubUsersTests.swift */; };
		D10256DC2B5887E400300EED /* GitHubUsersUITests.swift in Sources */ = {isa = PBXBuildFile; fileRef = D10256DB2B5887E400300EED /* GitHubUsersUITests.swift */; };
		D10256DE2B5887E400300EED /* GitHubUsersUITestsLaunchTests.swift in Sources */ = {isa = PBXBuildFile; fileRef = D10256DD2B5887E400300EED /* GitHubUsersUITestsLaunchTests.swift */; };
		D10256EB2B58892D00300EED /* GitHubClient.swift in Sources */ = {isa = PBXBuildFile; fileRef = D10256EA2B58892D00300EED /* GitHubClient.swift */; };
		D10256ED2B58931900300EED /* User.swift in Sources */ = {isa = PBXBuildFile; fileRef = D10256EC2B58931900300EED /* User.swift */; };
		D10256EF2B58AE2B00300EED /* UserSearchViewModel.swift in Sources */ = {isa = PBXBuildFile; fileRef = D10256EE2B58AE2B00300EED /* UserSearchViewModel.swift */; };
		D1E017A82B5AEED300380DCB /* ConfigurationManager.swift in Sources */ = {isa = PBXBuildFile; fileRef = D1E017A72B5AEED300380DCB /* ConfigurationManager.swift */; };
		D1E017A92B5B0B0C00380DCB /* config.json in Resources */ = {isa = PBXBuildFile; fileRef = D1E017A62B5AEEA200380DCB /* config.json */; };
		D1E017AE2B5B2FB400380DCB /* UserSearchTableViewCell.swift in Sources */ = {isa = PBXBuildFile; fileRef = D1E017AC2B5B2FB400380DCB /* UserSearchTableViewCell.swift */; };
		D1E017AF2B5B2FB400380DCB /* UserSearchTableViewCell.xib in Resources */ = {isa = PBXBuildFile; fileRef = D1E017AD2B5B2FB400380DCB /* UserSearchTableViewCell.xib */; };
		D1E017B32B5B61EA00380DCB /* UserDetailsViewController.swift in Sources */ = {isa = PBXBuildFile; fileRef = D1E017B22B5B61EA00380DCB /* UserDetailsViewController.swift */; };
		D1E017B52B5B620600380DCB /* UserDetailsViewModel.swift in Sources */ = {isa = PBXBuildFile; fileRef = D1E017B42B5B620600380DCB /* UserDetailsViewModel.swift */; };
		D1E017B82B5B74BE00380DCB /* UserDetailsTableViewCell.swift in Sources */ = {isa = PBXBuildFile; fileRef = D1E017B62B5B74BE00380DCB /* UserDetailsTableViewCell.swift */; };
		D1E017B92B5B74BE00380DCB /* UserDetailsTableViewCell.xib in Resources */ = {isa = PBXBuildFile; fileRef = D1E017B72B5B74BE00380DCB /* UserDetailsTableViewCell.xib */; };
		D1E017BB2B5B7CA000380DCB /* UIImageView+Extensions.swift in Sources */ = {isa = PBXBuildFile; fileRef = D1E017BA2B5B7CA000380DCB /* UIImageView+Extensions.swift */; };
		D1E017BD2B5C0D7C00380DCB /* UserSearchResponse.swift in Sources */ = {isa = PBXBuildFile; fileRef = D1E017BC2B5C0D7C00380DCB /* UserSearchResponse.swift */; };
		D1E017BF2B5C1ADC00380DCB /* UserDetailsItem.swift in Sources */ = {isa = PBXBuildFile; fileRef = D1E017BE2B5C1ADC00380DCB /* UserDetailsItem.swift */; };
		D1E017C62B5C311900380DCB /* Repository.swift in Sources */ = {isa = PBXBuildFile; fileRef = D1E017C52B5C311900380DCB /* Repository.swift */; };
		D1E017C92B5C326700380DCB /* UserReposViewController.swift in Sources */ = {isa = PBXBuildFile; fileRef = D1E017C82B5C326700380DCB /* UserReposViewController.swift */; };
		D1E017CB2B5C329C00380DCB /* UserReposViewModel.swift in Sources */ = {isa = PBXBuildFile; fileRef = D1E017CA2B5C329C00380DCB /* UserReposViewModel.swift */; };
		D1E017CE2B5C4AE900380DCB /* UserReposTableViewCell.swift in Sources */ = {isa = PBXBuildFile; fileRef = D1E017CC2B5C4AE900380DCB /* UserReposTableViewCell.swift */; };
		D1E017CF2B5C4AE900380DCB /* UserReposTableViewCell.xib in Resources */ = {isa = PBXBuildFile; fileRef = D1E017CD2B5C4AE900380DCB /* UserReposTableViewCell.xib */; };
		D1E017D12B5C619B00380DCB /* EmptyStateView.swift in Sources */ = {isa = PBXBuildFile; fileRef = D1E017D02B5C619B00380DCB /* EmptyStateView.swift */; };
		D1E017D32B5DE61600380DCB /* UIViewController+Extensions.swift in Sources */ = {isa = PBXBuildFile; fileRef = D1E017D22B5DE61600380DCB /* UIViewController+Extensions.swift */; };
		D1E017D52B5DF3B800380DCB /* GitHubUsersError.swift in Sources */ = {isa = PBXBuildFile; fileRef = D1E017D42B5DF3B800380DCB /* GitHubUsersError.swift */; };
		D1E017D72B5DF75200380DCB /* CommonStrings.swift in Sources */ = {isa = PBXBuildFile; fileRef = D1E017D62B5DF75200380DCB /* CommonStrings.swift */; };
/* End PBXBuildFile section */

/* Begin PBXContainerItemProxy section */
		D10256CE2B5887E400300EED /* PBXContainerItemProxy */ = {
			isa = PBXContainerItemProxy;
			containerPortal = D10256AC2B5887E400300EED /* Project object */;
			proxyType = 1;
			remoteGlobalIDString = D10256B32B5887E400300EED;
			remoteInfo = GitHubUsers;
		};
		D10256D82B5887E400300EED /* PBXContainerItemProxy */ = {
			isa = PBXContainerItemProxy;
			containerPortal = D10256AC2B5887E400300EED /* Project object */;
			proxyType = 1;
			remoteGlobalIDString = D10256B32B5887E400300EED;
			remoteInfo = GitHubUsers;
		};
/* End PBXContainerItemProxy section */

/* Begin PBXFileReference section */
		D10256B42B5887E400300EED /* GitHubUsers.app */ = {isa = PBXFileReference; explicitFileType = wrapper.application; includeInIndex = 0; path = GitHubUsers.app; sourceTree = BUILT_PRODUCTS_DIR; };
		D10256B72B5887E400300EED /* AppDelegate.swift */ = {isa = PBXFileReference; lastKnownFileType = sourcecode.swift; path = AppDelegate.swift; sourceTree = "<group>"; };
		D10256B92B5887E400300EED /* SceneDelegate.swift */ = {isa = PBXFileReference; lastKnownFileType = sourcecode.swift; path = SceneDelegate.swift; sourceTree = "<group>"; };
		D10256BB2B5887E400300EED /* UserSearchViewController.swift */ = {isa = PBXFileReference; lastKnownFileType = sourcecode.swift; path = UserSearchViewController.swift; sourceTree = "<group>"; };
		D10256BE2B5887E400300EED /* Base */ = {isa = PBXFileReference; lastKnownFileType = file.storyboard; name = Base; path = Base.lproj/Main.storyboard; sourceTree = "<group>"; };
		D10256C12B5887E400300EED /* GitHubUsers.xcdatamodel */ = {isa = PBXFileReference; lastKnownFileType = wrapper.xcdatamodel; path = GitHubUsers.xcdatamodel; sourceTree = "<group>"; };
		D10256C32B5887E400300EED /* Assets.xcassets */ = {isa = PBXFileReference; lastKnownFileType = folder.assetcatalog; path = Assets.xcassets; sourceTree = "<group>"; };
		D10256C62B5887E400300EED /* Base */ = {isa = PBXFileReference; lastKnownFileType = file.storyboard; name = Base; path = Base.lproj/LaunchScreen.storyboard; sourceTree = "<group>"; };
		D10256C82B5887E400300EED /* Info.plist */ = {isa = PBXFileReference; lastKnownFileType = text.plist.xml; path = Info.plist; sourceTree = "<group>"; };
		D10256CD2B5887E400300EED /* GitHubUsersTests.xctest */ = {isa = PBXFileReference; explicitFileType = wrapper.cfbundle; includeInIndex = 0; path = GitHubUsersTests.xctest; sourceTree = BUILT_PRODUCTS_DIR; };
		D10256D12B5887E400300EED /* GitHubUsersTests.swift */ = {isa = PBXFileReference; lastKnownFileType = sourcecode.swift; path = GitHubUsersTests.swift; sourceTree = "<group>"; };
		D10256D72B5887E400300EED /* GitHubUsersUITests.xctest */ = {isa = PBXFileReference; explicitFileType = wrapper.cfbundle; includeInIndex = 0; path = GitHubUsersUITests.xctest; sourceTree = BUILT_PRODUCTS_DIR; };
		D10256DB2B5887E400300EED /* GitHubUsersUITests.swift */ = {isa = PBXFileReference; lastKnownFileType = sourcecode.swift; path = GitHubUsersUITests.swift; sourceTree = "<group>"; };
		D10256DD2B5887E400300EED /* GitHubUsersUITestsLaunchTests.swift */ = {isa = PBXFileReference; lastKnownFileType = sourcecode.swift; path = GitHubUsersUITestsLaunchTests.swift; sourceTree = "<group>"; };
		D10256EA2B58892D00300EED /* GitHubClient.swift */ = {isa = PBXFileReference; lastKnownFileType = sourcecode.swift; path = GitHubClient.swift; sourceTree = "<group>"; };
		D10256EC2B58931900300EED /* User.swift */ = {isa = PBXFileReference; lastKnownFileType = sourcecode.swift; path = User.swift; sourceTree = "<group>"; };
		D10256EE2B58AE2B00300EED /* UserSearchViewModel.swift */ = {isa = PBXFileReference; lastKnownFileType = sourcecode.swift; path = UserSearchViewModel.swift; sourceTree = "<group>"; };
		D1E017A62B5AEEA200380DCB /* config.json */ = {isa = PBXFileReference; lastKnownFileType = text.json; path = config.json; sourceTree = "<group>"; };
		D1E017A72B5AEED300380DCB /* ConfigurationManager.swift */ = {isa = PBXFileReference; lastKnownFileType = sourcecode.swift; path = ConfigurationManager.swift; sourceTree = "<group>"; };
		D1E017AC2B5B2FB400380DCB /* UserSearchTableViewCell.swift */ = {isa = PBXFileReference; lastKnownFileType = sourcecode.swift; path = UserSearchTableViewCell.swift; sourceTree = "<group>"; };
		D1E017AD2B5B2FB400380DCB /* UserSearchTableViewCell.xib */ = {isa = PBXFileReference; lastKnownFileType = file.xib; path = UserSearchTableViewCell.xib; sourceTree = "<group>"; };
		D1E017B22B5B61EA00380DCB /* UserDetailsViewController.swift */ = {isa = PBXFileReference; lastKnownFileType = sourcecode.swift; path = UserDetailsViewController.swift; sourceTree = "<group>"; };
		D1E017B42B5B620600380DCB /* UserDetailsViewModel.swift */ = {isa = PBXFileReference; lastKnownFileType = sourcecode.swift; path = UserDetailsViewModel.swift; sourceTree = "<group>"; };
		D1E017B62B5B74BE00380DCB /* UserDetailsTableViewCell.swift */ = {isa = PBXFileReference; lastKnownFileType = sourcecode.swift; path = UserDetailsTableViewCell.swift; sourceTree = "<group>"; };
		D1E017B72B5B74BE00380DCB /* UserDetailsTableViewCell.xib */ = {isa = PBXFileReference; lastKnownFileType = file.xib; path = UserDetailsTableViewCell.xib; sourceTree = "<group>"; };
		D1E017BA2B5B7CA000380DCB /* UIImageView+Extensions.swift */ = {isa = PBXFileReference; lastKnownFileType = sourcecode.swift; path = "UIImageView+Extensions.swift"; sourceTree = "<group>"; };
		D1E017BC2B5C0D7C00380DCB /* UserSearchResponse.swift */ = {isa = PBXFileReference; lastKnownFileType = sourcecode.swift; path = UserSearchResponse.swift; sourceTree = "<group>"; };
		D1E017BE2B5C1ADC00380DCB /* UserDetailsItem.swift */ = {isa = PBXFileReference; lastKnownFileType = sourcecode.swift; path = UserDetailsItem.swift; sourceTree = "<group>"; };
		D1E017C52B5C311900380DCB /* Repository.swift */ = {isa = PBXFileReference; lastKnownFileType = sourcecode.swift; path = Repository.swift; sourceTree = "<group>"; };
		D1E017C82B5C326700380DCB /* UserReposViewController.swift */ = {isa = PBXFileReference; lastKnownFileType = sourcecode.swift; path = UserReposViewController.swift; sourceTree = "<group>"; };
		D1E017CA2B5C329C00380DCB /* UserReposViewModel.swift */ = {isa = PBXFileReference; lastKnownFileType = sourcecode.swift; path = UserReposViewModel.swift; sourceTree = "<group>"; };
		D1E017CC2B5C4AE900380DCB /* UserReposTableViewCell.swift */ = {isa = PBXFileReference; lastKnownFileType = sourcecode.swift; path = UserReposTableViewCell.swift; sourceTree = "<group>"; };
		D1E017CD2B5C4AE900380DCB /* UserReposTableViewCell.xib */ = {isa = PBXFileReference; lastKnownFileType = file.xib; path = UserReposTableViewCell.xib; sourceTree = "<group>"; };
		D1E017D02B5C619B00380DCB /* EmptyStateView.swift */ = {isa = PBXFileReference; lastKnownFileType = sourcecode.swift; path = EmptyStateView.swift; sourceTree = "<group>"; };
		D1E017D22B5DE61600380DCB /* UIViewController+Extensions.swift */ = {isa = PBXFileReference; lastKnownFileType = sourcecode.swift; path = "UIViewController+Extensions.swift"; sourceTree = "<group>"; };
		D1E017D42B5DF3B800380DCB /* GitHubUsersError.swift */ = {isa = PBXFileReference; lastKnownFileType = sourcecode.swift; path = GitHubUsersError.swift; sourceTree = "<group>"; };
		D1E017D62B5DF75200380DCB /* CommonStrings.swift */ = {isa = PBXFileReference; lastKnownFileType = sourcecode.swift; path = CommonStrings.swift; sourceTree = "<group>"; };
/* End PBXFileReference section */

/* Begin PBXFrameworksBuildPhase section */
		D10256B12B5887E400300EED /* Frameworks */ = {
			isa = PBXFrameworksBuildPhase;
			buildActionMask = 2147483647;
			files = (
			);
			runOnlyForDeploymentPostprocessing = 0;
		};
		D10256CA2B5887E400300EED /* Frameworks */ = {
			isa = PBXFrameworksBuildPhase;
			buildActionMask = 2147483647;
			files = (
			);
			runOnlyForDeploymentPostprocessing = 0;
		};
		D10256D42B5887E400300EED /* Frameworks */ = {
			isa = PBXFrameworksBuildPhase;
			buildActionMask = 2147483647;
			files = (
			);
			runOnlyForDeploymentPostprocessing = 0;
		};
/* End PBXFrameworksBuildPhase section */

/* Begin PBXGroup section */
		D10256AB2B5887E400300EED = {
			isa = PBXGroup;
			children = (
				D10256B62B5887E400300EED /* GitHubUsers */,
				D10256D02B5887E400300EED /* GitHubUsersTests */,
				D10256DA2B5887E400300EED /* GitHubUsersUITests */,
				D10256B52B5887E400300EED /* Products */,
			);
			sourceTree = "<group>";
		};
		D10256B52B5887E400300EED /* Products */ = {
			isa = PBXGroup;
			children = (
				D10256B42B5887E400300EED /* GitHubUsers.app */,
				D10256CD2B5887E400300EED /* GitHubUsersTests.xctest */,
				D10256D72B5887E400300EED /* GitHubUsersUITests.xctest */,
			);
			name = Products;
			sourceTree = "<group>";
		};
		D10256B62B5887E400300EED /* GitHubUsers */ = {
			isa = PBXGroup;
			children = (
				D10256B72B5887E400300EED /* AppDelegate.swift */,
				D10256B92B5887E400300EED /* SceneDelegate.swift */,
				D1E017A62B5AEEA200380DCB /* config.json */,
				D1E017D82B5E06CC00380DCB /* Common */,
				D1E017C02B5C20AC00380DCB /* Extensions */,
				D1E017C12B5C20BD00380DCB /* UserSearch */,
				D1E017C22B5C210E00380DCB /* UserDetails */,
				D1E017C72B5C323700380DCB /* UserRepos */,
				D1E017C32B5C213000380DCB /* Networking */,
				D1E017C42B5C215300380DCB /* Models */,
				D10256BD2B5887E400300EED /* Main.storyboard */,
				D10256C32B5887E400300EED /* Assets.xcassets */,
				D10256C52B5887E400300EED /* LaunchScreen.storyboard */,
				D10256C82B5887E400300EED /* Info.plist */,
				D10256C02B5887E400300EED /* GitHubUsers.xcdatamodeld */,
			);
			path = GitHubUsers;
			sourceTree = "<group>";
		};
		D10256D02B5887E400300EED /* GitHubUsersTests */ = {
			isa = PBXGroup;
			children = (
				D10256D12B5887E400300EED /* GitHubUsersTests.swift */,
			);
			path = GitHubUsersTests;
			sourceTree = "<group>";
		};
		D10256DA2B5887E400300EED /* GitHubUsersUITests */ = {
			isa = PBXGroup;
			children = (
				D10256DB2B5887E400300EED /* GitHubUsersUITests.swift */,
				D10256DD2B5887E400300EED /* GitHubUsersUITestsLaunchTests.swift */,
			);
			path = GitHubUsersUITests;
			sourceTree = "<group>";
		};
		D1E017C02B5C20AC00380DCB /* Extensions */ = {
			isa = PBXGroup;
			children = (
				D1E017BA2B5B7CA000380DCB /* UIImageView+Extensions.swift */,
				D1E017D22B5DE61600380DCB /* UIViewController+Extensions.swift */,
			);
			path = Extensions;
			sourceTree = "<group>";
		};
		D1E017C12B5C20BD00380DCB /* UserSearch */ = {
			isa = PBXGroup;
			children = (
				D1E017AC2B5B2FB400380DCB /* UserSearchTableViewCell.swift */,
				D1E017AD2B5B2FB400380DCB /* UserSearchTableViewCell.xib */,
				D10256BB2B5887E400300EED /* UserSearchViewController.swift */,
				D10256EE2B58AE2B00300EED /* UserSearchViewModel.swift */,
				D1E017D02B5C619B00380DCB /* EmptyStateView.swift */,
			);
			path = UserSearch;
			sourceTree = "<group>";
		};
		D1E017C22B5C210E00380DCB /* UserDetails */ = {
			isa = PBXGroup;
			children = (
				D1E017B22B5B61EA00380DCB /* UserDetailsViewController.swift */,
				D1E017B42B5B620600380DCB /* UserDetailsViewModel.swift */,
				D1E017B62B5B74BE00380DCB /* UserDetailsTableViewCell.swift */,
				D1E017B72B5B74BE00380DCB /* UserDetailsTableViewCell.xib */,
			);
			path = UserDetails;
			sourceTree = "<group>";
		};
		D1E017C32B5C213000380DCB /* Networking */ = {
			isa = PBXGroup;
			children = (
				D10256EA2B58892D00300EED /* GitHubClient.swift */,
			);
			path = Networking;
			sourceTree = "<group>";
		};
		D1E017C42B5C215300380DCB /* Models */ = {
			isa = PBXGroup;
			children = (
				D10256EC2B58931900300EED /* User.swift */,
				D1E017BC2B5C0D7C00380DCB /* UserSearchResponse.swift */,
				D1E017BE2B5C1ADC00380DCB /* UserDetailsItem.swift */,
				D1E017C52B5C311900380DCB /* Repository.swift */,
			);
			path = Models;
			sourceTree = "<group>";
		};
		D1E017C72B5C323700380DCB /* UserRepos */ = {
			isa = PBXGroup;
			children = (
				D1E017C82B5C326700380DCB /* UserReposViewController.swift */,
				D1E017CA2B5C329C00380DCB /* UserReposViewModel.swift */,
				D1E017CC2B5C4AE900380DCB /* UserReposTableViewCell.swift */,
				D1E017CD2B5C4AE900380DCB /* UserReposTableViewCell.xib */,
			);
			path = UserRepos;
			sourceTree = "<group>";
		};
		D1E017D82B5E06CC00380DCB /* Common */ = {
			isa = PBXGroup;
			children = (
				D1E017A72B5AEED300380DCB /* ConfigurationManager.swift */,
				D1E017D42B5DF3B800380DCB /* GitHubUsersError.swift */,
				D1E017D62B5DF75200380DCB /* CommonStrings.swift */,
			);
			path = Common;
			sourceTree = "<group>";
		};
/* End PBXGroup section */

/* Begin PBXNativeTarget section */
		D10256B32B5887E400300EED /* GitHubUsers */ = {
			isa = PBXNativeTarget;
			buildConfigurationList = D10256E12B5887E400300EED /* Build configuration list for PBXNativeTarget "GitHubUsers" */;
			buildPhases = (
				D10256B02B5887E400300EED /* Sources */,
				D10256B12B5887E400300EED /* Frameworks */,
				D10256B22B5887E400300EED /* Resources */,
			);
			buildRules = (
			);
			dependencies = (
			);
			name = GitHubUsers;
			productName = GitHubUsers;
			productReference = D10256B42B5887E400300EED /* GitHubUsers.app */;
			productType = "com.apple.product-type.application";
		};
		D10256CC2B5887E400300EED /* GitHubUsersTests */ = {
			isa = PBXNativeTarget;
			buildConfigurationList = D10256E42B5887E400300EED /* Build configuration list for PBXNativeTarget "GitHubUsersTests" */;
			buildPhases = (
				D10256C92B5887E400300EED /* Sources */,
				D10256CA2B5887E400300EED /* Frameworks */,
				D10256CB2B5887E400300EED /* Resources */,
			);
			buildRules = (
			);
			dependencies = (
				D10256CF2B5887E400300EED /* PBXTargetDependency */,
			);
			name = GitHubUsersTests;
			productName = GitHubUsersTests;
			productReference = D10256CD2B5887E400300EED /* GitHubUsersTests.xctest */;
			productType = "com.apple.product-type.bundle.unit-test";
		};
		D10256D62B5887E400300EED /* GitHubUsersUITests */ = {
			isa = PBXNativeTarget;
			buildConfigurationList = D10256E72B5887E400300EED /* Build configuration list for PBXNativeTarget "GitHubUsersUITests" */;
			buildPhases = (
				D10256D32B5887E400300EED /* Sources */,
				D10256D42B5887E400300EED /* Frameworks */,
				D10256D52B5887E400300EED /* Resources */,
			);
			buildRules = (
			);
			dependencies = (
				D10256D92B5887E400300EED /* PBXTargetDependency */,
			);
			name = GitHubUsersUITests;
			productName = GitHubUsersUITests;
			productReference = D10256D72B5887E400300EED /* GitHubUsersUITests.xctest */;
			productType = "com.apple.product-type.bundle.ui-testing";
		};
/* End PBXNativeTarget section */

/* Begin PBXProject section */
		D10256AC2B5887E400300EED /* Project object */ = {
			isa = PBXProject;
			attributes = {
				BuildIndependentTargetsInParallel = 1;
				LastSwiftUpdateCheck = 1500;
				LastUpgradeCheck = 1500;
				TargetAttributes = {
					D10256B32B5887E400300EED = {
						CreatedOnToolsVersion = 15.0.1;
					};
					D10256CC2B5887E400300EED = {
						CreatedOnToolsVersion = 15.0.1;
						TestTargetID = D10256B32B5887E400300EED;
					};
					D10256D62B5887E400300EED = {
						CreatedOnToolsVersion = 15.0.1;
						TestTargetID = D10256B32B5887E400300EED;
					};
				};
			};
			buildConfigurationList = D10256AF2B5887E400300EED /* Build configuration list for PBXProject "GitHubUsers" */;
			compatibilityVersion = "Xcode 14.0";
			developmentRegion = en;
			hasScannedForEncodings = 0;
			knownRegions = (
				en,
				Base,
			);
			mainGroup = D10256AB2B5887E400300EED;
			productRefGroup = D10256B52B5887E400300EED /* Products */;
			projectDirPath = "";
			projectRoot = "";
			targets = (
				D10256B32B5887E400300EED /* GitHubUsers */,
				D10256CC2B5887E400300EED /* GitHubUsersTests */,
				D10256D62B5887E400300EED /* GitHubUsersUITests */,
			);
		};
/* End PBXProject section */

/* Begin PBXResourcesBuildPhase section */
		D10256B22B5887E400300EED /* Resources */ = {
			isa = PBXResourcesBuildPhase;
			buildActionMask = 2147483647;
			files = (
				D10256C72B5887E400300EED /* LaunchScreen.storyboard in Resources */,
				D1E017CF2B5C4AE900380DCB /* UserReposTableViewCell.xib in Resources */,
				D1E017A92B5B0B0C00380DCB /* config.json in Resources */,
				D10256C42B5887E400300EED /* Assets.xcassets in Resources */,
				D10256BF2B5887E400300EED /* Main.storyboard in Resources */,
				D1E017AF2B5B2FB400380DCB /* UserSearchTableViewCell.xib in Resources */,
				D1E017B92B5B74BE00380DCB /* UserDetailsTableViewCell.xib in Resources */,
			);
			runOnlyForDeploymentPostprocessing = 0;
		};
		D10256CB2B5887E400300EED /* Resources */ = {
			isa = PBXResourcesBuildPhase;
			buildActionMask = 2147483647;
			files = (
			);
			runOnlyForDeploymentPostprocessing = 0;
		};
		D10256D52B5887E400300EED /* Resources */ = {
			isa = PBXResourcesBuildPhase;
			buildActionMask = 2147483647;
			files = (
			);
			runOnlyForDeploymentPostprocessing = 0;
		};
/* End PBXResourcesBuildPhase section */

/* Begin PBXSourcesBuildPhase section */
		D10256B02B5887E400300EED /* Sources */ = {
			isa = PBXSourcesBuildPhase;
			buildActionMask = 2147483647;
			files = (
				D1E017BB2B5B7CA000380DCB /* UIImageView+Extensions.swift in Sources */,
				D1E017B32B5B61EA00380DCB /* UserDetailsViewController.swift in Sources */,
				D1E017D12B5C619B00380DCB /* EmptyStateView.swift in Sources */,
				D1E017C92B5C326700380DCB /* UserReposViewController.swift in Sources */,
				D1E017B82B5B74BE00380DCB /* UserDetailsTableViewCell.swift in Sources */,
				D1E017AE2B5B2FB400380DCB /* UserSearchTableViewCell.swift in Sources */,
				D1E017A82B5AEED300380DCB /* ConfigurationManager.swift in Sources */,
				D10256EB2B58892D00300EED /* GitHubClient.swift in Sources */,
				D1E017BF2B5C1ADC00380DCB /* UserDetailsItem.swift in Sources */,
				D1E017D72B5DF75200380DCB /* CommonStrings.swift in Sources */,
				D10256BC2B5887E400300EED /* UserSearchViewController.swift in Sources */,
				D1E017D32B5DE61600380DCB /* UIViewController+Extensions.swift in Sources */,
				D10256ED2B58931900300EED /* User.swift in Sources */,
				D10256C22B5887E400300EED /* GitHubUsers.xcdatamodeld in Sources */,
				D10256B82B5887E400300EED /* AppDelegate.swift in Sources */,
				D1E017C62B5C311900380DCB /* Repository.swift in Sources */,
				D1E017B52B5B620600380DCB /* UserDetailsViewModel.swift in Sources */,
				D1E017BD2B5C0D7C00380DCB /* UserSearchResponse.swift in Sources */,
				D10256BA2B5887E400300EED /* SceneDelegate.swift in Sources */,
				D1E017D52B5DF3B800380DCB /* GitHubUsersError.swift in Sources */,
				D10256EF2B58AE2B00300EED /* UserSearchViewModel.swift in Sources */,
				D1E017CE2B5C4AE900380DCB /* UserReposTableViewCell.swift in Sources */,
				D1E017CB2B5C329C00380DCB /* UserReposViewModel.swift in Sources */,
			);
			runOnlyForDeploymentPostprocessing = 0;
		};
		D10256C92B5887E400300EED /* Sources */ = {
			isa = PBXSourcesBuildPhase;
			buildActionMask = 2147483647;
			files = (
				D10256D22B5887E400300EED /* GitHubUsersTests.swift in Sources */,
			);
			runOnlyForDeploymentPostprocessing = 0;
		};
		D10256D32B5887E400300EED /* Sources */ = {
			isa = PBXSourcesBuildPhase;
			buildActionMask = 2147483647;
			files = (
				D10256DE2B5887E400300EED /* GitHubUsersUITestsLaunchTests.swift in Sources */,
				D10256DC2B5887E400300EED /* GitHubUsersUITests.swift in Sources */,
			);
			runOnlyForDeploymentPostprocessing = 0;
		};
/* End PBXSourcesBuildPhase section */

/* Begin PBXTargetDependency section */
		D10256CF2B5887E400300EED /* PBXTargetDependency */ = {
			isa = PBXTargetDependency;
			target = D10256B32B5887E400300EED /* GitHubUsers */;
			targetProxy = D10256CE2B5887E400300EED /* PBXContainerItemProxy */;
		};
		D10256D92B5887E400300EED /* PBXTargetDependency */ = {
			isa = PBXTargetDependency;
			target = D10256B32B5887E400300EED /* GitHubUsers */;
			targetProxy = D10256D82B5887E400300EED /* PBXContainerItemProxy */;
		};
/* End PBXTargetDependency section */

/* Begin PBXVariantGroup section */
		D10256BD2B5887E400300EED /* Main.storyboard */ = {
			isa = PBXVariantGroup;
			children = (
				D10256BE2B5887E400300EED /* Base */,
			);
			name = Main.storyboard;
			sourceTree = "<group>";
		};
		D10256C52B5887E400300EED /* LaunchScreen.storyboard */ = {
			isa = PBXVariantGroup;
			children = (
				D10256C62B5887E400300EED /* Base */,
			);
			name = LaunchScreen.storyboard;
			sourceTree = "<group>";
		};
/* End PBXVariantGroup section */

/* Begin XCBuildConfiguration section */
		D10256DF2B5887E400300EED /* Debug */ = {
			isa = XCBuildConfiguration;
			buildSettings = {
				ALWAYS_SEARCH_USER_PATHS = NO;
				ASSETCATALOG_COMPILER_GENERATE_SWIFT_ASSET_SYMBOL_EXTENSIONS = YES;
				CLANG_ANALYZER_NONNULL = YES;
				CLANG_ANALYZER_NUMBER_OBJECT_CONVERSION = YES_AGGRESSIVE;
				CLANG_CXX_LANGUAGE_STANDARD = "gnu++20";
				CLANG_ENABLE_MODULES = YES;
				CLANG_ENABLE_OBJC_ARC = YES;
				CLANG_ENABLE_OBJC_WEAK = YES;
				CLANG_WARN_BLOCK_CAPTURE_AUTORELEASING = YES;
				CLANG_WARN_BOOL_CONVERSION = YES;
				CLANG_WARN_COMMA = YES;
				CLANG_WARN_CONSTANT_CONVERSION = YES;
				CLANG_WARN_DEPRECATED_OBJC_IMPLEMENTATIONS = YES;
				CLANG_WARN_DIRECT_OBJC_ISA_USAGE = YES_ERROR;
				CLANG_WARN_DOCUMENTATION_COMMENTS = YES;
				CLANG_WARN_EMPTY_BODY = YES;
				CLANG_WARN_ENUM_CONVERSION = YES;
				CLANG_WARN_INFINITE_RECURSION = YES;
				CLANG_WARN_INT_CONVERSION = YES;
				CLANG_WARN_NON_LITERAL_NULL_CONVERSION = YES;
				CLANG_WARN_OBJC_IMPLICIT_RETAIN_SELF = YES;
				CLANG_WARN_OBJC_LITERAL_CONVERSION = YES;
				CLANG_WARN_OBJC_ROOT_CLASS = YES_ERROR;
				CLANG_WARN_QUOTED_INCLUDE_IN_FRAMEWORK_HEADER = YES;
				CLANG_WARN_RANGE_LOOP_ANALYSIS = YES;
				CLANG_WARN_STRICT_PROTOTYPES = YES;
				CLANG_WARN_SUSPICIOUS_MOVE = YES;
				CLANG_WARN_UNGUARDED_AVAILABILITY = YES_AGGRESSIVE;
				CLANG_WARN_UNREACHABLE_CODE = YES;
				CLANG_WARN__DUPLICATE_METHOD_MATCH = YES;
				COPY_PHASE_STRIP = NO;
				DEBUG_INFORMATION_FORMAT = dwarf;
				ENABLE_STRICT_OBJC_MSGSEND = YES;
				ENABLE_TESTABILITY = YES;
				ENABLE_USER_SCRIPT_SANDBOXING = YES;
				GCC_C_LANGUAGE_STANDARD = gnu17;
				GCC_DYNAMIC_NO_PIC = NO;
				GCC_NO_COMMON_BLOCKS = YES;
				GCC_OPTIMIZATION_LEVEL = 0;
				GCC_PREPROCESSOR_DEFINITIONS = (
					"DEBUG=1",
					"$(inherited)",
				);
				GCC_WARN_64_TO_32_BIT_CONVERSION = YES;
				GCC_WARN_ABOUT_RETURN_TYPE = YES_ERROR;
				GCC_WARN_UNDECLARED_SELECTOR = YES;
				GCC_WARN_UNINITIALIZED_AUTOS = YES_AGGRESSIVE;
				GCC_WARN_UNUSED_FUNCTION = YES;
				GCC_WARN_UNUSED_VARIABLE = YES;
				IPHONEOS_DEPLOYMENT_TARGET = 17.0;
				LOCALIZATION_PREFERS_STRING_CATALOGS = YES;
				MTL_ENABLE_DEBUG_INFO = INCLUDE_SOURCE;
				MTL_FAST_MATH = YES;
				ONLY_ACTIVE_ARCH = YES;
				SDKROOT = iphoneos;
				SWIFT_ACTIVE_COMPILATION_CONDITIONS = "DEBUG $(inherited)";
				SWIFT_OPTIMIZATION_LEVEL = "-Onone";
			};
			name = Debug;
		};
		D10256E02B5887E400300EED /* Release */ = {
			isa = XCBuildConfiguration;
			buildSettings = {
				ALWAYS_SEARCH_USER_PATHS = NO;
				ASSETCATALOG_COMPILER_GENERATE_SWIFT_ASSET_SYMBOL_EXTENSIONS = YES;
				CLANG_ANALYZER_NONNULL = YES;
				CLANG_ANALYZER_NUMBER_OBJECT_CONVERSION = YES_AGGRESSIVE;
				CLANG_CXX_LANGUAGE_STANDARD = "gnu++20";
				CLANG_ENABLE_MODULES = YES;
				CLANG_ENABLE_OBJC_ARC = YES;
				CLANG_ENABLE_OBJC_WEAK = YES;
				CLANG_WARN_BLOCK_CAPTURE_AUTORELEASING = YES;
				CLANG_WARN_BOOL_CONVERSION = YES;
				CLANG_WARN_COMMA = YES;
				CLANG_WARN_CONSTANT_CONVERSION = YES;
				CLANG_WARN_DEPRECATED_OBJC_IMPLEMENTATIONS = YES;
				CLANG_WARN_DIRECT_OBJC_ISA_USAGE = YES_ERROR;
				CLANG_WARN_DOCUMENTATION_COMMENTS = YES;
				CLANG_WARN_EMPTY_BODY = YES;
				CLANG_WARN_ENUM_CONVERSION = YES;
				CLANG_WARN_INFINITE_RECURSION = YES;
				CLANG_WARN_INT_CONVERSION = YES;
				CLANG_WARN_NON_LITERAL_NULL_CONVERSION = YES;
				CLANG_WARN_OBJC_IMPLICIT_RETAIN_SELF = YES;
				CLANG_WARN_OBJC_LITERAL_CONVERSION = YES;
				CLANG_WARN_OBJC_ROOT_CLASS = YES_ERROR;
				CLANG_WARN_QUOTED_INCLUDE_IN_FRAMEWORK_HEADER = YES;
				CLANG_WARN_RANGE_LOOP_ANALYSIS = YES;
				CLANG_WARN_STRICT_PROTOTYPES = YES;
				CLANG_WARN_SUSPICIOUS_MOVE = YES;
				CLANG_WARN_UNGUARDED_AVAILABILITY = YES_AGGRESSIVE;
				CLANG_WARN_UNREACHABLE_CODE = YES;
				CLANG_WARN__DUPLICATE_METHOD_MATCH = YES;
				COPY_PHASE_STRIP = NO;
				DEBUG_INFORMATION_FORMAT = "dwarf-with-dsym";
				ENABLE_NS_ASSERTIONS = NO;
				ENABLE_STRICT_OBJC_MSGSEND = YES;
				ENABLE_USER_SCRIPT_SANDBOXING = YES;
				GCC_C_LANGUAGE_STANDARD = gnu17;
				GCC_NO_COMMON_BLOCKS = YES;
				GCC_WARN_64_TO_32_BIT_CONVERSION = YES;
				GCC_WARN_ABOUT_RETURN_TYPE = YES_ERROR;
				GCC_WARN_UNDECLARED_SELECTOR = YES;
				GCC_WARN_UNINITIALIZED_AUTOS = YES_AGGRESSIVE;
				GCC_WARN_UNUSED_FUNCTION = YES;
				GCC_WARN_UNUSED_VARIABLE = YES;
				IPHONEOS_DEPLOYMENT_TARGET = 17.0;
				LOCALIZATION_PREFERS_STRING_CATALOGS = YES;
				MTL_ENABLE_DEBUG_INFO = NO;
				MTL_FAST_MATH = YES;
				SDKROOT = iphoneos;
				SWIFT_COMPILATION_MODE = wholemodule;
				VALIDATE_PRODUCT = YES;
			};
			name = Release;
		};
		D10256E22B5887E400300EED /* Debug */ = {
			isa = XCBuildConfiguration;
			buildSettings = {
				ASSETCATALOG_COMPILER_APPICON_NAME = AppIcon;
				ASSETCATALOG_COMPILER_GLOBAL_ACCENT_COLOR_NAME = AccentColor;
				CODE_SIGN_STYLE = Automatic;
				CURRENT_PROJECT_VERSION = 1;
				GENERATE_INFOPLIST_FILE = YES;
				INFOPLIST_FILE = GitHubUsers/Info.plist;
				INFOPLIST_KEY_UIApplicationSupportsIndirectInputEvents = YES;
				INFOPLIST_KEY_UILaunchStoryboardName = LaunchScreen;
				INFOPLIST_KEY_UIMainStoryboardFile = Main;
				INFOPLIST_KEY_UISupportedInterfaceOrientations_iPad = "UIInterfaceOrientationPortrait UIInterfaceOrientationPortraitUpsideDown UIInterfaceOrientationLandscapeLeft UIInterfaceOrientationLandscapeRight";
				INFOPLIST_KEY_UISupportedInterfaceOrientations_iPhone = "UIInterfaceOrientationPortrait UIInterfaceOrientationLandscapeLeft UIInterfaceOrientationLandscapeRight";
				LD_RUNPATH_SEARCH_PATHS = (
					"$(inherited)",
					"@executable_path/Frameworks",
				);
				MARKETING_VERSION = 1.0;
				PRODUCT_BUNDLE_IDENTIFIER = dev.marcoguevara.GitHubUsers;
				PRODUCT_NAME = "$(TARGET_NAME)";
				SWIFT_EMIT_LOC_STRINGS = YES;
				SWIFT_VERSION = 5.0;
				TARGETED_DEVICE_FAMILY = "1,2";
			};
			name = Debug;
		};
		D10256E32B5887E400300EED /* Release */ = {
			isa = XCBuildConfiguration;
			buildSettings = {
				ASSETCATALOG_COMPILER_APPICON_NAME = AppIcon;
				ASSETCATALOG_COMPILER_GLOBAL_ACCENT_COLOR_NAME = AccentColor;
				CODE_SIGN_STYLE = Automatic;
				CURRENT_PROJECT_VERSION = 1;
				GENERATE_INFOPLIST_FILE = YES;
				INFOPLIST_FILE = GitHubUsers/Info.plist;
				INFOPLIST_KEY_UIApplicationSupportsIndirectInputEvents = YES;
				INFOPLIST_KEY_UILaunchStoryboardName = LaunchScreen;
				INFOPLIST_KEY_UIMainStoryboardFile = Main;
				INFOPLIST_KEY_UISupportedInterfaceOrientations_iPad = "UIInterfaceOrientationPortrait UIInterfaceOrientationPortraitUpsideDown UIInterfaceOrientationLandscapeLeft UIInterfaceOrientationLandscapeRight";
				INFOPLIST_KEY_UISupportedInterfaceOrientations_iPhone = "UIInterfaceOrientationPortrait UIInterfaceOrientationLandscapeLeft UIInterfaceOrientationLandscapeRight";
				LD_RUNPATH_SEARCH_PATHS = (
					"$(inherited)",
					"@executable_path/Frameworks",
				);
				MARKETING_VERSION = 1.0;
				PRODUCT_BUNDLE_IDENTIFIER = dev.marcoguevara.GitHubUsers;
				PRODUCT_NAME = "$(TARGET_NAME)";
				SWIFT_EMIT_LOC_STRINGS = YES;
				SWIFT_VERSION = 5.0;
				TARGETED_DEVICE_FAMILY = "1,2";
			};
			name = Release;
		};
		D10256E52B5887E400300EED /* Debug */ = {
			isa = XCBuildConfiguration;
			buildSettings = {
				ALWAYS_EMBED_SWIFT_STANDARD_LIBRARIES = YES;
				BUNDLE_LOADER = "$(TEST_HOST)";
				CODE_SIGN_STYLE = Automatic;
				CURRENT_PROJECT_VERSION = 1;
				GENERATE_INFOPLIST_FILE = YES;
				IPHONEOS_DEPLOYMENT_TARGET = 17.0;
				MARKETING_VERSION = 1.0;
				PRODUCT_BUNDLE_IDENTIFIER = dev.marcoguevara.GitHubUsersTests;
				PRODUCT_NAME = "$(TARGET_NAME)";
				SWIFT_EMIT_LOC_STRINGS = NO;
				SWIFT_VERSION = 5.0;
				TARGETED_DEVICE_FAMILY = "1,2";
				TEST_HOST = "$(BUILT_PRODUCTS_DIR)/GitHubUsers.app/$(BUNDLE_EXECUTABLE_FOLDER_PATH)/GitHubUsers";
			};
			name = Debug;
		};
		D10256E62B5887E400300EED /* Release */ = {
			isa = XCBuildConfiguration;
			buildSettings = {
				ALWAYS_EMBED_SWIFT_STANDARD_LIBRARIES = YES;
				BUNDLE_LOADER = "$(TEST_HOST)";
				CODE_SIGN_STYLE = Automatic;
				CURRENT_PROJECT_VERSION = 1;
				GENERATE_INFOPLIST_FILE = YES;
				IPHONEOS_DEPLOYMENT_TARGET = 17.0;
				MARKETING_VERSION = 1.0;
				PRODUCT_BUNDLE_IDENTIFIER = dev.marcoguevara.GitHubUsersTests;
				PRODUCT_NAME = "$(TARGET_NAME)";
				SWIFT_EMIT_LOC_STRINGS = NO;
				SWIFT_VERSION = 5.0;
				TARGETED_DEVICE_FAMILY = "1,2";
				TEST_HOST = "$(BUILT_PRODUCTS_DIR)/GitHubUsers.app/$(BUNDLE_EXECUTABLE_FOLDER_PATH)/GitHubUsers";
			};
			name = Release;
		};
		D10256E82B5887E400300EED /* Debug */ = {
			isa = XCBuildConfiguration;
			buildSettings = {
				ALWAYS_EMBED_SWIFT_STANDARD_LIBRARIES = YES;
				CODE_SIGN_STYLE = Automatic;
				CURRENT_PROJECT_VERSION = 1;
				GENERATE_INFOPLIST_FILE = YES;
				MARKETING_VERSION = 1.0;
				PRODUCT_BUNDLE_IDENTIFIER = dev.marcoguevara.GitHubUsersUITests;
				PRODUCT_NAME = "$(TARGET_NAME)";
				SWIFT_EMIT_LOC_STRINGS = NO;
				SWIFT_VERSION = 5.0;
				TARGETED_DEVICE_FAMILY = "1,2";
				TEST_TARGET_NAME = GitHubUsers;
			};
			name = Debug;
		};
		D10256E92B5887E400300EED /* Release */ = {
			isa = XCBuildConfiguration;
			buildSettings = {
				ALWAYS_EMBED_SWIFT_STANDARD_LIBRARIES = YES;
				CODE_SIGN_STYLE = Automatic;
				CURRENT_PROJECT_VERSION = 1;
				GENERATE_INFOPLIST_FILE = YES;
				MARKETING_VERSION = 1.0;
				PRODUCT_BUNDLE_IDENTIFIER = dev.marcoguevara.GitHubUsersUITests;
				PRODUCT_NAME = "$(TARGET_NAME)";
				SWIFT_EMIT_LOC_STRINGS = NO;
				SWIFT_VERSION = 5.0;
				TARGETED_DEVICE_FAMILY = "1,2";
				TEST_TARGET_NAME = GitHubUsers;
			};
			name = Release;
		};
/* End XCBuildConfiguration section */

/* Begin XCConfigurationList section */
		D10256AF2B5887E400300EED /* Build configuration list for PBXProject "GitHubUsers" */ = {
			isa = XCConfigurationList;
			buildConfigurations = (
				D10256DF2B5887E400300EED /* Debug */,
				D10256E02B5887E400300EED /* Release */,
			);
			defaultConfigurationIsVisible = 0;
			defaultConfigurationName = Release;
		};
		D10256E12B5887E400300EED /* Build configuration list for PBXNativeTarget "GitHubUsers" */ = {
			isa = XCConfigurationList;
			buildConfigurations = (
				D10256E22B5887E400300EED /* Debug */,
				D10256E32B5887E400300EED /* Release */,
			);
			defaultConfigurationIsVisible = 0;
			defaultConfigurationName = Release;
		};
		D10256E42B5887E400300EED /* Build configuration list for PBXNativeTarget "GitHubUsersTests" */ = {
			isa = XCConfigurationList;
			buildConfigurations = (
				D10256E52B5887E400300EED /* Debug */,
				D10256E62B5887E400300EED /* Release */,
			);
			defaultConfigurationIsVisible = 0;
			defaultConfigurationName = Release;
		};
		D10256E72B5887E400300EED /* Build configuration list for PBXNativeTarget "GitHubUsersUITests" */ = {
			isa = XCConfigurationList;
			buildConfigurations = (
				D10256E82B5887E400300EED /* Debug */,
				D10256E92B5887E400300EED /* Release */,
			);
			defaultConfigurationIsVisible = 0;
			defaultConfigurationName = Release;
		};
/* End XCConfigurationList section */

/* Begin XCVersionGroup section */
		D10256C02B5887E400300EED /* GitHubUsers.xcdatamodeld */ = {
			isa = XCVersionGroup;
			children = (
				D10256C12B5887E400300EED /* GitHubUsers.xcdatamodel */,
			);
			currentVersion = D10256C12B5887E400300EED /* GitHubUsers.xcdatamodel */;
			path = GitHubUsers.xcdatamodeld;
			sourceTree = "<group>";
			versionGroupType = wrapper.xcdatamodel;
		};
/* End XCVersionGroup section */
	};
	rootObject = D10256AC2B5887E400300EED /* Project object */;
}
